
Microsoft Visual Studio Solution File, Format Version 12.00
# Visual Studio 15
VisualStudioVersion = 15.0.26730.16
MinimumVisualStudioVersion = 10.0.40219.1
Project("{FAE04EC0-301F-11D3-BF4B-00C04F79EFBC}") = "3DGraphics", "3DGraphics\3DGraphics.csproj", "{BE66EC34-5655-43D4-A7A3-606868286C85}"
EndProject
Global
	GlobalSection(SolutionConfigurationPlatforms) = preSolution
		Debug|Any CPU = Debug|Any CPU
		Release|Any CPU = Release|Any CPU
	EndGlobalSection
	GlobalSection(ProjectConfigurationPlatforms) = postSolution
		{BE66EC34-5655-43D4-A7A3-606868286C85}.Debug|Any CPU.ActiveCfg = Debug|Any CPU
		{BE66EC34-5655-43D4-A7A3-606868286C85}.Debug|Any CPU.Build.0 = Debug|Any CPU
		{BE66EC34-5655-43D4-A7A3-606868286C85}.Release|Any CPU.ActiveCfg = Release|Any CPU
		{BE66EC34-5655-43D4-A7A3-606868286C85}.Release|Any CPU.Build.0 = Release|Any CPU
	EndGlobalSection
	GlobalSection(SolutionProperties) = preSolution
		HideSolutionNode = FALSE
	EndGlobalSection
	GlobalSection(ExtensibilityGlobals) = postSolution
		SolutionGuid = {262889E3-3D80-4978-91DC-11DC3D2C77CD}
	EndGlobalSection
EndGlobal
